
Microsoft Visual Studio Solution File, Format Version 12.00
# Visual Studio Version 16
VisualStudioVersion = 16.0.29503.13
MinimumVisualStudioVersion = 10.0.40219.1
Project("{FAE04EC0-301F-11D3-BF4B-00C04F79EFBC}") = "VacanciesQuantityTest", "VacanciesQuantityTest\VacanciesQuantityTest.csproj", "{50089AC0-31F1-4603-A083-890DF26C24CE}"
EndProject
Global
	GlobalSection(SolutionConfigurationPlatforms) = preSolution
		Debug|Any CPU = Debug|Any CPU
		Release|Any CPU = Release|Any CPU
	EndGlobalSection
	GlobalSection(ProjectConfigurationPlatforms) = postSolution
		{50089AC0-31F1-4603-A083-890DF26C24CE}.Debug|Any CPU.ActiveCfg = Debug|Any CPU
		{50089AC0-31F1-4603-A083-890DF26C24CE}.Debug|Any CPU.Build.0 = Debug|Any CPU
		{50089AC0-31F1-4603-A083-890DF26C24CE}.Release|Any CPU.ActiveCfg = Release|Any CPU
		{50089AC0-31F1-4603-A083-890DF26C24CE}.Release|Any CPU.Build.0 = Release|Any CPU
	EndGlobalSection
	GlobalSection(SolutionProperties) = preSolution
		HideSolutionNode = FALSE
	EndGlobalSection
	GlobalSection(ExtensibilityGlobals) = postSolution
		SolutionGuid = {2392381C-9480-4A62-B6E8-017FE9EC0EE8}
	EndGlobalSection
EndGlobal
